
Microsoft Visual Studio Solution File, Format Version 12.00
# Visual Studio Version 16
VisualStudioVersion = 16.0.30413.136
MinimumVisualStudioVersion = 10.0.40219.1
Project("{FAE04EC0-301F-11D3-BF4B-00C04F79EFBC}") = "Parcial_AlejandraLozano_OnlyPans", "Parcial_AlejandraLozano_OnlyPans.csproj", "{E18C9229-4940-4134-BB7A-3D917E2BE09E}"
EndProject
Global
	GlobalSection(SolutionConfigurationPlatforms) = preSolution
		Debug|Any CPU = Debug|Any CPU
		Release|Any CPU = Release|Any CPU
	EndGlobalSection
	GlobalSection(ProjectConfigurationPlatforms) = postSolution
		{E18C9229-4940-4134-BB7A-3D917E2BE09E}.Debug|Any CPU.ActiveCfg = Debug|Any CPU
		{E18C9229-4940-4134-BB7A-3D917E2BE09E}.Debug|Any CPU.Build.0 = Debug|Any CPU
		{E18C9229-4940-4134-BB7A-3D917E2BE09E}.Release|Any CPU.ActiveCfg = Release|Any CPU
		{E18C9229-4940-4134-BB7A-3D917E2BE09E}.Release|Any CPU.Build.0 = Release|Any CPU
	EndGlobalSection
	GlobalSection(SolutionProperties) = preSolution
		HideSolutionNode = FALSE
	EndGlobalSection
	GlobalSection(ExtensibilityGlobals) = postSolution
		SolutionGuid = {93FF8CF0-48BB-4E77-A0A8-AFDF571382B1}
	EndGlobalSection
EndGlobal
